
Microsoft Visual Studio Solution File, Format Version 12.00
# Visual Studio Version 16
VisualStudioVersion = 16.0.28803.202
MinimumVisualStudioVersion = 10.0.40219.1
Project("{9A19103F-16F7-4668-BE54-9A1E7A4F7556}") = "CertificateGenerator", "CertificateGenerator.csproj", "{CE823389-01F4-408C-9048-1EE59E75F0B5}"
EndProject
Global
	GlobalSection(SolutionConfigurationPlatforms) = preSolution
		Debug|Any CPU = Debug|Any CPU
		Release|Any CPU = Release|Any CPU
	EndGlobalSection
	GlobalSection(ProjectConfigurationPlatforms) = postSolution
		{CE823389-01F4-408C-9048-1EE59E75F0B5}.Debug|Any CPU.ActiveCfg = Debug|Any CPU
		{CE823389-01F4-408C-9048-1EE59E75F0B5}.Debug|Any CPU.Build.0 = Debug|Any CPU
		{CE823389-01F4-408C-9048-1EE59E75F0B5}.Release|Any CPU.ActiveCfg = Release|Any CPU
		{CE823389-01F4-408C-9048-1EE59E75F0B5}.Release|Any CPU.Build.0 = Release|Any CPU
	EndGlobalSection
	GlobalSection(SolutionProperties) = preSolution
		HideSolutionNode = FALSE
	EndGlobalSection
	GlobalSection(ExtensibilityGlobals) = postSolution
		SolutionGuid = {D8F3D2D4-7497-4401-84A4-443D423F062B}
	EndGlobalSection
EndGlobal
